
Microsoft Visual Studio Solution File, Format Version 12.00
# Visual Studio Version 16
VisualStudioVersion = 16.0.31515.178
MinimumVisualStudioVersion = 10.0.40219.1
Project("{FAE04EC0-301F-11D3-BF4B-00C04F79EFBC}") = "CRUDWithModeAndModals", "CRUDWithModeAndModals\CRUDWithModeAndModals.csproj", "{00FE39FB-F538-4C26-AC39-E46DE7560565}"
EndProject
Global
	GlobalSection(SolutionConfigurationPlatforms) = preSolution
		Debug|Any CPU = Debug|Any CPU
		Release|Any CPU = Release|Any CPU
	EndGlobalSection
	GlobalSection(ProjectConfigurationPlatforms) = postSolution
		{00FE39FB-F538-4C26-AC39-E46DE7560565}.Debug|Any CPU.ActiveCfg = Debug|Any CPU
		{00FE39FB-F538-4C26-AC39-E46DE7560565}.Debug|Any CPU.Build.0 = Debug|Any CPU
		{00FE39FB-F538-4C26-AC39-E46DE7560565}.Release|Any CPU.ActiveCfg = Release|Any CPU
		{00FE39FB-F538-4C26-AC39-E46DE7560565}.Release|Any CPU.Build.0 = Release|Any CPU
	EndGlobalSection
	GlobalSection(SolutionProperties) = preSolution
		HideSolutionNode = FALSE
	EndGlobalSection
	GlobalSection(ExtensibilityGlobals) = postSolution
		SolutionGuid = {C311FAAB-8E3A-4B9F-8C49-977276DF146B}
	EndGlobalSection
EndGlobal
